// !$*UTF8*$!
{
	archiveVersion = 1;
	classes = {
	};
	objectVersion = 50;
	objects = {

/* Begin PBXBuildFile section */
		C527C1F82454ECA500E0E6EC /* AppDelegate.swift in Sources */ = {isa = PBXBuildFile; fileRef = C527C1F72454ECA500E0E6EC /* AppDelegate.swift */; };
		C527C1FA2454ECA500E0E6EC /* SceneDelegate.swift in Sources */ = {isa = PBXBuildFile; fileRef = C527C1F92454ECA500E0E6EC /* SceneDelegate.swift */; };
		C527C1FC2454ECA500E0E6EC /* ViewController.swift in Sources */ = {isa = PBXBuildFile; fileRef = C527C1FB2454ECA500E0E6EC /* ViewController.swift */; };
		C527C1FF2454ECA500E0E6EC /* Main.storyboard in Resources */ = {isa = PBXBuildFile; fileRef = C527C1FD2454ECA500E0E6EC /* Main.storyboard */; };
		C527C2012454ECAC00E0E6EC /* Assets.xcassets in Resources */ = {isa = PBXBuildFile; fileRef = C527C2002454ECAC00E0E6EC /* Assets.xcassets */; };
		C527C2042454ECAC00E0E6EC /* LaunchScreen.storyboard in Resources */ = {isa = PBXBuildFile; fileRef = C527C2022454ECAC00E0E6EC /* LaunchScreen.storyboard */; };
		C527C20C2454EDE600E0E6EC /* SecondViewController.swift in Sources */ = {isa = PBXBuildFile; fileRef = C527C20B2454EDE600E0E6EC /* SecondViewController.swift */; };
		C527C20E2454EE3E00E0E6EC /* RevealAnimator.swift in Sources */ = {isa = PBXBuildFile; fileRef = C527C20D2454EE3E00E0E6EC /* RevealAnimator.swift */; };
/* End PBXBuildFile section */

/* Begin PBXFileReference section */
		C527C1F42454ECA500E0E6EC /* InteractiveTransition.app */ = {isa = PBXFileReference; explicitFileType = wrapper.application; includeInIndex = 0; path = InteractiveTransition.app; sourceTree = BUILT_PRODUCTS_DIR; };
		C527C1F72454ECA500E0E6EC /* AppDelegate.swift */ = {isa = PBXFileReference; lastKnownFileType = sourcecode.swift; path = AppDelegate.swift; sourceTree = "<group>"; };
		C527C1F92454ECA500E0E6EC /* SceneDelegate.swift */ = {isa = PBXFileReference; lastKnownFileType = sourcecode.swift; path = SceneDelegate.swift; sourceTree = "<group>"; };
		C527C1FB2454ECA500E0E6EC /* ViewController.swift */ = {isa = PBXFileReference; lastKnownFileType = sourcecode.swift; path = ViewController.swift; sourceTree = "<group>"; };
		C527C1FE2454ECA500E0E6EC /* Base */ = {isa = PBXFileReference; lastKnownFileType = file.storyboard; name = Base; path = Base.lproj/Main.storyboard; sourceTree = "<group>"; };
		C527C2002454ECAC00E0E6EC /* Assets.xcassets */ = {isa = PBXFileReference; lastKnownFileType = folder.assetcatalog; path = Assets.xcassets; sourceTree = "<group>"; };
		C527C2032454ECAC00E0E6EC /* Base */ = {isa = PBXFileReference; lastKnownFileType = file.storyboard; name = Base; path = Base.lproj/LaunchScreen.storyboard; sourceTree = "<group>"; };
		C527C2052454ECAC00E0E6EC /* Info.plist */ = {isa = PBXFileReference; lastKnownFileType = text.plist.xml; path = Info.plist; sourceTree = "<group>"; };
		C527C20B2454EDE600E0E6EC /* SecondViewController.swift */ = {isa = PBXFileReference; lastKnownFileType = sourcecode.swift; path = SecondViewController.swift; sourceTree = "<group>"; };
		C527C20D2454EE3E00E0E6EC /* RevealAnimator.swift */ = {isa = PBXFileReference; lastKnownFileType = sourcecode.swift; path = RevealAnimator.swift; sourceTree = "<group>"; };
/* End PBXFileReference section */

/* Begin PBXFrameworksBuildPhase section */
		C527C1F12454ECA500E0E6EC /* Frameworks */ = {
			isa = PBXFrameworksBuildPhase;
			buildActionMask = 2147483647;
			files = (
			);
			runOnlyForDeploymentPostprocessing = 0;
		};
/* End PBXFrameworksBuildPhase section */

/* Begin PBXGroup section */
		C527C1EB2454ECA500E0E6EC = {
			isa = PBXGroup;
			children = (
				C527C1F62454ECA500E0E6EC /* InteractiveTransition */,
				C527C1F52454ECA500E0E6EC /* Products */,
			);
			sourceTree = "<group>";
		};
		C527C1F52454ECA500E0E6EC /* Products */ = {
			isa = PBXGroup;
			children = (
				C527C1F42454ECA500E0E6EC /* InteractiveTransition.app */,
			);
			name = Products;
			sourceTree = "<group>";
		};
		C527C1F62454ECA500E0E6EC /* InteractiveTransition */ = {
			isa = PBXGroup;
			children = (
				C527C1F72454ECA500E0E6EC /* AppDelegate.swift */,
				C527C1F92454ECA500E0E6EC /* SceneDelegate.swift */,
				C527C1FB2454ECA500E0E6EC /* ViewController.swift */,
				C527C20B2454EDE600E0E6EC /* SecondViewController.swift */,
				C527C20D2454EE3E00E0E6EC /* RevealAnimator.swift */,
				C527C1FD2454ECA500E0E6EC /* Main.storyboard */,
				C527C2002454ECAC00E0E6EC /* Assets.xcassets */,
				C527C2022454ECAC00E0E6EC /* LaunchScreen.storyboard */,
				C527C2052454ECAC00E0E6EC /* Info.plist */,
			);
			path = InteractiveTransition;
			sourceTree = "<group>";
		};
/* End PBXGroup section */

/* Begin PBXNativeTarget section */
		C527C1F32454ECA500E0E6EC /* InteractiveTransition */ = {
			isa = PBXNativeTarget;
			buildConfigurationList = C527C2082454ECAC00E0E6EC /* Build configuration list for PBXNativeTarget "InteractiveTransition" */;
			buildPhases = (
				C527C1F02454ECA500E0E6EC /* Sources */,
				C527C1F12454ECA500E0E6EC /* Frameworks */,
				C527C1F22454ECA500E0E6EC /* Resources */,
			);
			buildRules = (
			);
			dependencies = (
			);
			name = InteractiveTransition;
			productName = InteractiveTransition;
			productReference = C527C1F42454ECA500E0E6EC /* InteractiveTransition.app */;
			productType = "com.apple.product-type.application";
		};
/* End PBXNativeTarget section */

/* Begin PBXProject section */
		C527C1EC2454ECA500E0E6EC /* Project object */ = {
			isa = PBXProject;
			attributes = {
				LastSwiftUpdateCheck = 1140;
				LastUpgradeCheck = 1140;
				ORGANIZATIONNAME = Twebble;
				TargetAttributes = {
					C527C1F32454ECA500E0E6EC = {
						CreatedOnToolsVersion = 11.4;
					};
				};
			};
			buildConfigurationList = C527C1EF2454ECA500E0E6EC /* Build configuration list for PBXProject "InteractiveTransition" */;
			compatibilityVersion = "Xcode 9.3";
			developmentRegion = en;
			hasScannedForEncodings = 0;
			knownRegions = (
				en,
				Base,
			);
			mainGroup = C527C1EB2454ECA500E0E6EC;
			productRefGroup = C527C1F52454ECA500E0E6EC /* Products */;
			projectDirPath = "";
			projectRoot = "";
			targets = (
				C527C1F32454ECA500E0E6EC /* InteractiveTransition */,
			);
		};
/* End PBXProject section */

/* Begin PBXResourcesBuildPhase section */
		C527C1F22454ECA500E0E6EC /* Resources */ = {
			isa = PBXResourcesBuildPhase;
			buildActionMask = 2147483647;
			files = (
				C527C2042454ECAC00E0E6EC /* LaunchScreen.storyboard in Resources */,
				C527C2012454ECAC00E0E6EC /* Assets.xcassets in Resources */,
				C527C1FF2454ECA500E0E6EC /* Main.storyboard in Resources */,
			);
			runOnlyForDeploymentPostprocessing = 0;
		};
/* End PBXResourcesBuildPhase section */

/* Begin PBXSourcesBuildPhase section */
		C527C1F02454ECA500E0E6EC /* Sources */ = {
			isa = PBXSourcesBuildPhase;
			buildActionMask = 2147483647;
			files = (
				C527C20C2454EDE600E0E6EC /* SecondViewController.swift in Sources */,
				C527C1FC2454ECA500E0E6EC /* ViewController.swift in Sources */,
				C527C1F82454ECA500E0E6EC /* AppDelegate.swift in Sources */,
				C527C1FA2454ECA500E0E6EC /* SceneDelegate.swift in Sources */,
				C527C20E2454EE3E00E0E6EC /* RevealAnimator.swift in Sources */,
			);
			runOnlyForDeploymentPostprocessing = 0;
		};
/* End PBXSourcesBuildPhase section */

/* Begin PBXVariantGroup section */
		C527C1FD2454ECA500E0E6EC /* Main.storyboard */ = {
			isa = PBXVariantGroup;
			children = (
				C527C1FE2454ECA500E0E6EC /* Base */,
			);
			name = Main.storyboard;
			sourceTree = "<group>";
		};
		C527C2022454ECAC00E0E6EC /* LaunchScreen.storyboard */ = {
			isa = PBXVariantGroup;
			children = (
				C527C2032454ECAC00E0E6EC /* Base */,
			);
			name = LaunchScreen.storyboard;
			sourceTree = "<group>";
		};
/* End PBXVariantGroup section */

/* Begin XCBuildConfiguration section */
		C527C2062454ECAC00E0E6EC /* Debug */ = {
			isa = XCBuildConfiguration;
			buildSettings = {
				ALWAYS_SEARCH_USER_PATHS = NO;
				CLANG_ANALYZER_NONNULL = YES;
				CLANG_ANALYZER_NUMBER_OBJECT_CONVERSION = YES_AGGRESSIVE;
				CLANG_CXX_LANGUAGE_STANDARD = "gnu++14";
				CLANG_CXX_LIBRARY = "libc++";
				CLANG_ENABLE_MODULES = YES;
				CLANG_ENABLE_OBJC_ARC = YES;
				CLANG_ENABLE_OBJC_WEAK = YES;
				CLANG_WARN_BLOCK_CAPTURE_AUTORELEASING = YES;
				CLANG_WARN_BOOL_CONVERSION = YES;
				CLANG_WARN_COMMA = YES;
				CLANG_WARN_CONSTANT_CONVERSION = YES;
				CLANG_WARN_DEPRECATED_OBJC_IMPLEMENTATIONS = YES;
				CLANG_WARN_DIRECT_OBJC_ISA_USAGE = YES_ERROR;
				CLANG_WARN_DOCUMENTATION_COMMENTS = YES;
				CLANG_WARN_EMPTY_BODY = YES;
				CLANG_WARN_ENUM_CONVERSION = YES;
				CLANG_WARN_INFINITE_RECURSION = YES;
				CLANG_WARN_INT_CONVERSION = YES;
				CLANG_WARN_NON_LITERAL_NULL_CONVERSION = YES;
				CLANG_WARN_OBJC_IMPLICIT_RETAIN_SELF = YES;
				CLANG_WARN_OBJC_LITERAL_CONVERSION = YES;
				CLANG_WARN_OBJC_ROOT_CLASS = YES_ERROR;
				CLANG_WARN_RANGE_LOOP_ANALYSIS = YES;
				CLANG_WARN_STRICT_PROTOTYPES = YES;
				CLANG_WARN_SUSPICIOUS_MOVE = YES;
				CLANG_WARN_UNGUARDED_AVAILABILITY = YES_AGGRESSIVE;
				CLANG_WARN_UNREACHABLE_CODE = YES;
				CLANG_WARN__DUPLICATE_METHOD_MATCH = YES;
				COPY_PHASE_STRIP = NO;
				DEBUG_INFORMATION_FORMAT = dwarf;
				ENABLE_STRICT_OBJC_MSGSEND = YES;
				ENABLE_TESTABILITY = YES;
				GCC_C_LANGUAGE_STANDARD = gnu11;
				GCC_DYNAMIC_NO_PIC = NO;
				GCC_NO_COMMON_BLOCKS = YES;
				GCC_OPTIMIZATION_LEVEL = 0;
				GCC_PREPROCESSOR_DEFINITIONS = (
					"DEBUG=1",
					"$(inherited)",
				);
				GCC_WARN_64_TO_32_BIT_CONVERSION = YES;
				GCC_WARN_ABOUT_RETURN_TYPE = YES_ERROR;
				GCC_WARN_UNDECLARED_SELECTOR = YES;
				GCC_WARN_UNINITIALIZED_AUTOS = YES_AGGRESSIVE;
				GCC_WARN_UNUSED_FUNCTION = YES;
				GCC_WARN_UNUSED_VARIABLE = YES;
				IPHONEOS_DEPLOYMENT_TARGET = 13.4;
				MTL_ENABLE_DEBUG_INFO = INCLUDE_SOURCE;
				MTL_FAST_MATH = YES;
				ONLY_ACTIVE_ARCH = YES;
				SDKROOT = iphoneos;
				SWIFT_ACTIVE_COMPILATION_CONDITIONS = DEBUG;
				SWIFT_OPTIMIZATION_LEVEL = "-Onone";
			};
			name = Debug;
		};
		C527C2072454ECAC00E0E6EC /* Release */ = {
			isa = XCBuildConfiguration;
			buildSettings = {
				ALWAYS_SEARCH_USER_PATHS = NO;
				CLANG_ANALYZER_NONNULL = YES;
				CLANG_ANALYZER_NUMBER_OBJECT_CONVERSION = YES_AGGRESSIVE;
				CLANG_CXX_LANGUAGE_STANDARD = "gnu++14";
				CLANG_CXX_LIBRARY = "libc++";
				CLANG_ENABLE_MODULES = YES;
				CLANG_ENABLE_OBJC_ARC = YES;
				CLANG_ENABLE_OBJC_WEAK = YES;
				CLANG_WARN_BLOCK_CAPTURE_AUTORELEASING = YES;
				CLANG_WARN_BOOL_CONVERSION = YES;
				CLANG_WARN_COMMA = YES;
				CLANG_WARN_CONSTANT_CONVERSION = YES;
				CLANG_WARN_DEPRECATED_OBJC_IMPLEMENTATIONS = YES;
				CLANG_WARN_DIRECT_OBJC_ISA_USAGE = YES_ERROR;
				CLANG_WARN_DOCUMENTATION_COMMENTS = YES;
				CLANG_WARN_EMPTY_BODY = YES;
				CLANG_WARN_ENUM_CONVERSION = YES;
				CLANG_WARN_INFINITE_RECURSION = YES;
				CLANG_WARN_INT_CONVERSION = YES;
				CLANG_WARN_NON_LITERAL_NULL_CONVERSION = YES;
				CLANG_WARN_OBJC_IMPLICIT_RETAIN_SELF = YES;
				CLANG_WARN_OBJC_LITERAL_CONVERSION = YES;
				CLANG_WARN_OBJC_ROOT_CLASS = YES_ERROR;
				CLANG_WARN_RANGE_LOOP_ANALYSIS = YES;
				CLANG_WARN_STRICT_PROTOTYPES = YES;
				CLANG_WARN_SUSPICIOUS_MOVE = YES;
				CLANG_WARN_UNGUARDED_AVAILABILITY = YES_AGGRESSIVE;
				CLANG_WARN_UNREACHABLE_CODE = YES;
				CLANG_WARN__DUPLICATE_METHOD_MATCH = YES;
				COPY_PHASE_STRIP = NO;
				DEBUG_INFORMATION_FORMAT = "dwarf-with-dsym";
				ENABLE_NS_ASSERTIONS = NO;
				ENABLE_STRICT_OBJC_MSGSEND = YES;
				GCC_C_LANGUAGE_STANDARD = gnu11;
				GCC_NO_COMMON_BLOCKS = YES;
				GCC_WARN_64_TO_32_BIT_CONVERSION = YES;
				GCC_WARN_ABOUT_RETURN_TYPE = YES_ERROR;
				GCC_WARN_UNDECLARED_SELECTOR = YES;
				GCC_WARN_UNINITIALIZED_AUTOS = YES_AGGRESSIVE;
				GCC_WARN_UNUSED_FUNCTION = YES;
				GCC_WARN_UNUSED_VARIABLE = YES;
				IPHONEOS_DEPLOYMENT_TARGET = 13.4;
				MTL_ENABLE_DEBUG_INFO = NO;
				MTL_FAST_MATH = YES;
				SDKROOT = iphoneos;
				SWIFT_COMPILATION_MODE = wholemodule;
				SWIFT_OPTIMIZATION_LEVEL = "-O";
				VALIDATE_PRODUCT = YES;
			};
			name = Release;
		};
		C527C2092454ECAC00E0E6EC /* Debug */ = {
			isa = XCBuildConfiguration;
			buildSettings = {
				ASSETCATALOG_COMPILER_APPICON_NAME = AppIcon;
				CODE_SIGN_STYLE = Automatic;
				DEVELOPMENT_TEAM = B94C7U72JS;
				INFOPLIST_FILE = InteractiveTransition/Info.plist;
				LD_RUNPATH_SEARCH_PATHS = (
					"$(inherited)",
					"@executable_path/Frameworks",
				);
				PRODUCT_BUNDLE_IDENTIFIER = com.twebble.InteractiveTransition;
				PRODUCT_NAME = "$(TARGET_NAME)";
				SWIFT_VERSION = 5.0;
				TARGETED_DEVICE_FAMILY = "1,2";
			};
			name = Debug;
		};
		C527C20A2454ECAC00E0E6EC /* Release */ = {
			isa = XCBuildConfiguration;
			buildSettings = {
				ASSETCATALOG_COMPILER_APPICON_NAME = AppIcon;
				CODE_SIGN_STYLE = Automatic;
				DEVELOPMENT_TEAM = B94C7U72JS;
				INFOPLIST_FILE = InteractiveTransition/Info.plist;
				LD_RUNPATH_SEARCH_PATHS = (
					"$(inherited)",
					"@executable_path/Frameworks",
				);
				PRODUCT_BUNDLE_IDENTIFIER = com.twebble.InteractiveTransition;
				PRODUCT_NAME = "$(TARGET_NAME)";
				SWIFT_VERSION = 5.0;
				TARGETED_DEVICE_FAMILY = "1,2";
			};
			name = Release;
		};
/* End XCBuildConfiguration section */

/* Begin XCConfigurationList section */
		C527C1EF2454ECA500E0E6EC /* Build configuration list for PBXProject "InteractiveTransition" */ = {
			isa = XCConfigurationList;
			buildConfigurations = (
				C527C2062454ECAC00E0E6EC /* Debug */,
				C527C2072454ECAC00E0E6EC /* Release */,
			);
			defaultConfigurationIsVisible = 0;
			defaultConfigurationName = Release;
		};
		C527C2082454ECAC00E0E6EC /* Build configuration list for PBXNativeTarget "InteractiveTransition" */ = {
			isa = XCConfigurationList;
			buildConfigurations = (
				C527C2092454ECAC00E0E6EC /* Debug */,
				C527C20A2454ECAC00E0E6EC /* Release */,
			);
			defaultConfigurationIsVisible = 0;
			defaultConfigurationName = Release;
		};
/* End XCConfigurationList section */
	};
	rootObject = C527C1EC2454ECA500E0E6EC /* Project object */;
}
